
Microsoft Visual Studio Solution File, Format Version 12.00
# Visual Studio 15
VisualStudioVersion = 15.0.28307.572
MinimumVisualStudioVersion = 10.0.40219.1
Project("{2150E333-8FDC-42A3-9474-1A3956D46DE8}") = "Framework", "Framework", "{9E57B6D7-73D8-49ED-92EE-E6C412C41AEB}"
EndProject
Project("{2150E333-8FDC-42A3-9474-1A3956D46DE8}") = "Test", "Test", "{373D115B-A0BC-4B00-BCF6-68F0DF399439}"
EndProject
Project("{2150E333-8FDC-42A3-9474-1A3956D46DE8}") = "Presentation", "Presentation", "{17107191-9E19-4E88-A3CE-FA82C068EB1C}"
EndProject
Project("{2150E333-8FDC-42A3-9474-1A3956D46DE8}") = "Service", "Service", "{F8518644-795A-43EB-967C-6FBE812057E2}"
EndProject
Project("{2150E333-8FDC-42A3-9474-1A3956D46DE8}") = "Domain", "Domain", "{659D7022-2BAC-42D2-B4AD-2EC3B6A3E215}"
EndProject
Project("{2150E333-8FDC-42A3-9474-1A3956D46DE8}") = "Application", "Application", "{FEB65D08-A76A-4194-BE05-727B41F04E24}"
EndProject
Project("{2150E333-8FDC-42A3-9474-1A3956D46DE8}") = "Infrastructure", "Infrastructure", "{95485DBF-89AD-47C6-B879-E228D8ADFAA3}"
EndProject
Project("{9A19103F-16F7-4668-BE54-9A1E7A4F7556}") = "Vortx.Domain", "Vortx.Domain\Vortx.Domain.csproj", "{3F194C4E-A11C-4FA8-8282-AA5D79438172}"
EndProject
Project("{9A19103F-16F7-4668-BE54-9A1E7A4F7556}") = "Vortx.Domain.Core", "Vortx.Domain.Core\Vortx.Domain.Core.csproj", "{EE7C90CC-D524-425F-BAF1-78ED8E86E666}"
EndProject
Project("{9A19103F-16F7-4668-BE54-9A1E7A4F7556}") = "Vortx.Application", "Vortx.Application\Vortx.Application.csproj", "{94C3BD35-D765-4338-81BF-E6532D4A1732}"
EndProject
Project("{9A19103F-16F7-4668-BE54-9A1E7A4F7556}") = "Vortx.CrossCutting.Ioc", "Vortx.CrossCutting.Ioc\Vortx.CrossCutting.Ioc.csproj", "{10DF8D3E-FECB-4A33-97AB-A184B335F86B}"
EndProject
Project("{9A19103F-16F7-4668-BE54-9A1E7A4F7556}") = "Vortx.Test", "Vortx.Test\Vortx.Test.csproj", "{A89BB5EB-4278-4AC8-98B2-34FEA4DCDA93}"
EndProject
Project("{FAE04EC0-301F-11D3-BF4B-00C04F79EFBC}") = "Vortx.API", "Vortx.API\Vortx.API.csproj", "{05AC781E-E649-4F34-9AEB-EA8081C7AD3C}"
EndProject
Project("{FAE04EC0-301F-11D3-BF4B-00C04F79EFBC}") = "Vortx.Site", "Vortx.Site\Vortx.Site.csproj", "{8885F024-544A-4DBF-83C2-02472F12361E}"
EndProject
Global
	GlobalSection(SolutionConfigurationPlatforms) = preSolution
		Debug|Any CPU = Debug|Any CPU
		Release|Any CPU = Release|Any CPU
	EndGlobalSection
	GlobalSection(ProjectConfigurationPlatforms) = postSolution
		{3F194C4E-A11C-4FA8-8282-AA5D79438172}.Debug|Any CPU.ActiveCfg = Debug|Any CPU
		{3F194C4E-A11C-4FA8-8282-AA5D79438172}.Debug|Any CPU.Build.0 = Debug|Any CPU
		{3F194C4E-A11C-4FA8-8282-AA5D79438172}.Release|Any CPU.ActiveCfg = Release|Any CPU
		{3F194C4E-A11C-4FA8-8282-AA5D79438172}.Release|Any CPU.Build.0 = Release|Any CPU
		{EE7C90CC-D524-425F-BAF1-78ED8E86E666}.Debug|Any CPU.ActiveCfg = Debug|Any CPU
		{EE7C90CC-D524-425F-BAF1-78ED8E86E666}.Debug|Any CPU.Build.0 = Debug|Any CPU
		{EE7C90CC-D524-425F-BAF1-78ED8E86E666}.Release|Any CPU.ActiveCfg = Release|Any CPU
		{EE7C90CC-D524-425F-BAF1-78ED8E86E666}.Release|Any CPU.Build.0 = Release|Any CPU
		{94C3BD35-D765-4338-81BF-E6532D4A1732}.Debug|Any CPU.ActiveCfg = Debug|Any CPU
		{94C3BD35-D765-4338-81BF-E6532D4A1732}.Debug|Any CPU.Build.0 = Debug|Any CPU
		{94C3BD35-D765-4338-81BF-E6532D4A1732}.Release|Any CPU.ActiveCfg = Release|Any CPU
		{94C3BD35-D765-4338-81BF-E6532D4A1732}.Release|Any CPU.Build.0 = Release|Any CPU
		{10DF8D3E-FECB-4A33-97AB-A184B335F86B}.Debug|Any CPU.ActiveCfg = Debug|Any CPU
		{10DF8D3E-FECB-4A33-97AB-A184B335F86B}.Debug|Any CPU.Build.0 = Debug|Any CPU
		{10DF8D3E-FECB-4A33-97AB-A184B335F86B}.Release|Any CPU.ActiveCfg = Release|Any CPU
		{10DF8D3E-FECB-4A33-97AB-A184B335F86B}.Release|Any CPU.Build.0 = Release|Any CPU
		{A89BB5EB-4278-4AC8-98B2-34FEA4DCDA93}.Debug|Any CPU.ActiveCfg = Debug|Any CPU
		{A89BB5EB-4278-4AC8-98B2-34FEA4DCDA93}.Debug|Any CPU.Build.0 = Debug|Any CPU
		{A89BB5EB-4278-4AC8-98B2-34FEA4DCDA93}.Release|Any CPU.ActiveCfg = Release|Any CPU
		{A89BB5EB-4278-4AC8-98B2-34FEA4DCDA93}.Release|Any CPU.Build.0 = Release|Any CPU
		{05AC781E-E649-4F34-9AEB-EA8081C7AD3C}.Debug|Any CPU.ActiveCfg = Debug|Any CPU
		{05AC781E-E649-4F34-9AEB-EA8081C7AD3C}.Debug|Any CPU.Build.0 = Debug|Any CPU
		{05AC781E-E649-4F34-9AEB-EA8081C7AD3C}.Release|Any CPU.ActiveCfg = Release|Any CPU
		{05AC781E-E649-4F34-9AEB-EA8081C7AD3C}.Release|Any CPU.Build.0 = Release|Any CPU
		{8885F024-544A-4DBF-83C2-02472F12361E}.Debug|Any CPU.ActiveCfg = Debug|Any CPU
		{8885F024-544A-4DBF-83C2-02472F12361E}.Debug|Any CPU.Build.0 = Debug|Any CPU
		{8885F024-544A-4DBF-83C2-02472F12361E}.Release|Any CPU.ActiveCfg = Release|Any CPU
		{8885F024-544A-4DBF-83C2-02472F12361E}.Release|Any CPU.Build.0 = Release|Any CPU
	EndGlobalSection
	GlobalSection(SolutionProperties) = preSolution
		HideSolutionNode = FALSE
	EndGlobalSection
	GlobalSection(NestedProjects) = preSolution
		{659D7022-2BAC-42D2-B4AD-2EC3B6A3E215} = {9E57B6D7-73D8-49ED-92EE-E6C412C41AEB}
		{FEB65D08-A76A-4194-BE05-727B41F04E24} = {9E57B6D7-73D8-49ED-92EE-E6C412C41AEB}
		{95485DBF-89AD-47C6-B879-E228D8ADFAA3} = {9E57B6D7-73D8-49ED-92EE-E6C412C41AEB}
		{3F194C4E-A11C-4FA8-8282-AA5D79438172} = {659D7022-2BAC-42D2-B4AD-2EC3B6A3E215}
		{EE7C90CC-D524-425F-BAF1-78ED8E86E666} = {659D7022-2BAC-42D2-B4AD-2EC3B6A3E215}
		{94C3BD35-D765-4338-81BF-E6532D4A1732} = {FEB65D08-A76A-4194-BE05-727B41F04E24}
		{10DF8D3E-FECB-4A33-97AB-A184B335F86B} = {95485DBF-89AD-47C6-B879-E228D8ADFAA3}
		{A89BB5EB-4278-4AC8-98B2-34FEA4DCDA93} = {373D115B-A0BC-4B00-BCF6-68F0DF399439}
		{05AC781E-E649-4F34-9AEB-EA8081C7AD3C} = {F8518644-795A-43EB-967C-6FBE812057E2}
		{8885F024-544A-4DBF-83C2-02472F12361E} = {17107191-9E19-4E88-A3CE-FA82C068EB1C}
	EndGlobalSection
	GlobalSection(ExtensibilityGlobals) = postSolution
		SolutionGuid = {60A2977B-96D6-4926-8466-41DF242BE841}
	EndGlobalSection
EndGlobal
